<Solution>
  <Folder Name="/csharp/">
    <Project Path="csharp/SpecGate.Annotations/SpecGate.Annotations.csproj" />
  </Folder>
  <Folder Name="/test/csharp/">
    <Project Path="test/csharp/SpecGate.CtscFixtures/SpecGate.CtscFixtures.csproj" />
    <Project Path="test/csharp/SpecGate.CtscFixtures.Tests/SpecGate.CtscFixtures.Tests.csproj" />
  </Folder>
</Solution>
