# This file is automatically @generated by Cargo.
# It is not intended for manual editing.
version = 4

[[package]]
name = "equivalent"
version = "1.0.2"
source = "registry+https://github.com/rust-lang/crates.io-index"
checksum = "877a4ace8713b0bcf2a4e7eec82529c029f1d0619886d18145fea96c3ffe5c0f"

[[package]]
name = "hashbrown"
version = "0.17.1"
source = "registry+https://github.com/rust-lang/crates.io-index"
checksum = "ed5909b6e89a2db4456e54cd5f673791d7eca6732202bbf2a9cc504fe2f9b84a"

[[package]]
name = "indexmap"
version = "2.14.0"
source = "registry+https://github.com/rust-lang/crates.io-index"
checksum = "d466e9454f08e4a911e14806c24e16fba1b4c121d1ea474396f396069cf949d9"
dependencies = [
 "equivalent",
 "hashbrown",
]

[[package]]
name = "itoa"
version = "1.0.18"
source = "registry+https://github.com/rust-lang/crates.io-index"
checksum = "8f42a60cbdf9a97f5d2305f08a87dc4e09308d1276d28c869c684d7777685682"

[[package]]
name = "proc-macro2"
version = "1.0.106"
source = "git+https://github.com/dtolnay/proc-macro2?tag=1.0.106#58ab776b95a4c2865554badbb6629c50971a9118"
dependencies = [
 "unicode-ident",
]

[[package]]
name = "quote"
version = "1.0.45"
source = "git+https://github.com/dtolnay/quote?tag=1.0.45#842ffde933fdd76cd1681a288bed136d8b95a97a"
dependencies = [
 "proc-macro2",
]

[[package]]
name = "ryu"
version = "1.0.23"
source = "registry+https://github.com/rust-lang/crates.io-index"
checksum = "9774ba4a74de5f7b1c1451ed6cd5285a32eddb5cccb8cc655a4e50009e06477f"

[[package]]
name = "serde"
version = "1.0.228"
source = "git+https://github.com/serde-rs/serde?tag=v1.0.228#a866b336f14aa57a07f0d0be9f8762746e64ecb4"
dependencies = [
 "serde_core",
 "serde_derive",
]

[[package]]
name = "serde_core"
version = "1.0.228"
source = "git+https://github.com/serde-rs/serde?tag=v1.0.228#a866b336f14aa57a07f0d0be9f8762746e64ecb4"
dependencies = [
 "serde_derive",
]

[[package]]
name = "serde_derive"
version = "1.0.228"
source = "git+https://github.com/serde-rs/serde?tag=v1.0.228#a866b336f14aa57a07f0d0be9f8762746e64ecb4"
dependencies = [
 "proc-macro2",
 "quote",
 "syn",
]

[[package]]
name = "serde_yaml"
version = "0.9.34+deprecated"
source = "registry+https://github.com/rust-lang/crates.io-index"
checksum = "6a8b1a1a2ebf674015cc02edccce75287f1a0130d394307b36743c2f5d504b47"
dependencies = [
 "indexmap",
 "itoa",
 "ryu",
 "serde",
 "unsafe-libyaml",
]

[[package]]
name = "specgate-annotations"
version = "0.1.0"
dependencies = [
 "specgate-annotations-macros",
 "specgate-runtime",
]

[[package]]
name = "specgate-annotations-macros"
version = "0.1.0"
dependencies = [
 "proc-macro2",
 "quote",
 "syn",
]

[[package]]
name = "specgate-fixtures"
version = "0.1.0"
dependencies = [
 "serde_yaml",
 "specgate-annotations",
]

[[package]]
name = "specgate-runtime"
version = "0.1.0"
dependencies = [
 "serde",
]

[[package]]
name = "syn"
version = "2.0.118"
source = "git+https://github.com/dtolnay/syn?tag=2.0.118#f033ef1403b4dbd276d95c26ff05b51d758d7b14"
dependencies = [
 "proc-macro2",
 "quote",
 "unicode-ident",
]

[[package]]
name = "unicode-ident"
version = "1.0.20"
source = "git+https://github.com/dtolnay/unicode-ident?tag=1.0.20#12f0a68b138f1914e9abff76bb1d438b4a953f49"

[[package]]
name = "unsafe-libyaml"
version = "0.2.11"
source = "registry+https://github.com/rust-lang/crates.io-index"
checksum = "673aac59facbab8a9007c7f6108d11f63b603f7cabff99fabf650fea5c32b861"
