# This file is automatically @generated by Cargo.
# It is not intended for manual editing.
version = 4

[[package]]
name = "aho-corasick"
version = "1.1.4"
source = "registry+https://github.com/rust-lang/crates.io-index"
checksum = "ddd31a130427c27518df266943a5308ed92d4b226cc639f5a8f1002816174301"
dependencies = [
 "memchr",
]

[[package]]
name = "equivalent"
version = "1.0.2"
source = "registry+https://github.com/rust-lang/crates.io-index"
checksum = "877a4ace8713b0bcf2a4e7eec82529c029f1d0619886d18145fea96c3ffe5c0f"

[[package]]
name = "hashbrown"
version = "0.17.1"
source = "registry+https://github.com/rust-lang/crates.io-index"
checksum = "ed5909b6e89a2db4456e54cd5f673791d7eca6732202bbf2a9cc504fe2f9b84a"

[[package]]
name = "indexmap"
version = "2.14.0"
source = "registry+https://github.com/rust-lang/crates.io-index"
checksum = "d466e9454f08e4a911e14806c24e16fba1b4c121d1ea474396f396069cf949d9"
dependencies = [
 "equivalent",
 "hashbrown",
]

[[package]]
name = "itoa"
version = "1.0.18"
source = "registry+https://github.com/rust-lang/crates.io-index"
checksum = "8f42a60cbdf9a97f5d2305f08a87dc4e09308d1276d28c869c684d7777685682"

[[package]]
name = "linkme"
version = "0.3.36"
source = "registry+https://github.com/rust-lang/crates.io-index"
checksum = "e83272d46373fb8decca684579ac3e7c8f3d71d4cc3aa693df8759e260ae41cf"
dependencies = [
 "linkme-impl",
]

[[package]]
name = "linkme-impl"
version = "0.3.36"
source = "registry+https://github.com/rust-lang/crates.io-index"
checksum = "32d59e20403c7d08fe62b4376edfe5c7fb2ef1e6b1465379686d0f21c8df444b"
dependencies = [
 "proc-macro2",
 "quote",
 "syn",
]

[[package]]
name = "memchr"
version = "2.8.2"
source = "registry+https://github.com/rust-lang/crates.io-index"
checksum = "88904434abc2901f197fe8cc55f0445e7ded921dba5911dad2e2b39b48e663c4"

[[package]]
name = "proc-macro2"
version = "1.0.106"
source = "git+https://github.com/dtolnay/proc-macro2?tag=1.0.106#58ab776b95a4c2865554badbb6629c50971a9118"
dependencies = [
 "unicode-ident",
]

[[package]]
name = "quote"
version = "1.0.45"
source = "git+https://github.com/dtolnay/quote?tag=1.0.45#842ffde933fdd76cd1681a288bed136d8b95a97a"
dependencies = [
 "proc-macro2",
]

[[package]]
name = "regex"
version = "1.12.4"
source = "registry+https://github.com/rust-lang/crates.io-index"
checksum = "f1292b7759ae1cb9ec195452d1390a074f0cd8541ab7a5a8c31cd6db45d4a6ba"
dependencies = [
 "aho-corasick",
 "memchr",
 "regex-automata",
 "regex-syntax",
]

[[package]]
name = "regex-automata"
version = "0.4.14"
source = "registry+https://github.com/rust-lang/crates.io-index"
checksum = "6e1dd4122fc1595e8162618945476892eefca7b88c52820e74af6262213cae8f"
dependencies = [
 "aho-corasick",
 "memchr",
 "regex-syntax",
]

[[package]]
name = "regex-syntax"
version = "0.8.11"
source = "registry+https://github.com/rust-lang/crates.io-index"
checksum = "d6f6ff9a378485b298a5286656da665ba74413d36db0979633275d2e708145d4"

[[package]]
name = "ryu"
version = "1.0.23"
source = "registry+https://github.com/rust-lang/crates.io-index"
checksum = "9774ba4a74de5f7b1c1451ed6cd5285a32eddb5cccb8cc655a4e50009e06477f"

[[package]]
name = "serde"
version = "1.0.228"
source = "git+https://github.com/serde-rs/serde?tag=v1.0.228#a866b336f14aa57a07f0d0be9f8762746e64ecb4"
dependencies = [
 "serde_core",
 "serde_derive",
]

[[package]]
name = "serde_core"
version = "1.0.228"
source = "git+https://github.com/serde-rs/serde?tag=v1.0.228#a866b336f14aa57a07f0d0be9f8762746e64ecb4"
dependencies = [
 "serde_derive",
]

[[package]]
name = "serde_derive"
version = "1.0.228"
source = "git+https://github.com/serde-rs/serde?tag=v1.0.228#a866b336f14aa57a07f0d0be9f8762746e64ecb4"
dependencies = [
 "proc-macro2",
 "quote",
 "syn",
]

[[package]]
name = "serde_json"
version = "1.0.150"
source = "registry+https://github.com/rust-lang/crates.io-index"
checksum = "e8014e44b4736ed0538adeecded0fce2a272f22dc9578a7eb6b2d9993c74cfb9"
dependencies = [
 "itoa",
 "memchr",
 "serde",
 "serde_core",
 "zmij",
]

[[package]]
name = "serde_yaml"
version = "0.9.34+deprecated"
source = "registry+https://github.com/rust-lang/crates.io-index"
checksum = "6a8b1a1a2ebf674015cc02edccce75287f1a0130d394307b36743c2f5d504b47"
dependencies = [
 "indexmap",
 "itoa",
 "ryu",
 "serde",
 "unsafe-libyaml",
]

[[package]]
name = "specgate"
version = "0.5.0"
dependencies = [
 "specgate-annotations",
]

[[package]]
name = "specgate-annotations"
version = "0.5.0"
dependencies = [
 "specgate-annotations-macros",
 "specgate-runtime",
]

[[package]]
name = "specgate-annotations-macros"
version = "0.5.0"
dependencies = [
 "proc-macro2",
 "quote",
 "syn",
]

[[package]]
name = "specgate-fixtures"
version = "0.1.0"
dependencies = [
 "serde",
 "serde_yaml",
 "specgate",
 "specgate-harness",
]

[[package]]
name = "specgate-harness"
version = "0.5.0"
dependencies = [
 "regex",
 "serde",
 "serde_json",
 "serde_yaml",
 "specgate-runtime",
]

[[package]]
name = "specgate-runtime"
version = "0.5.0"
dependencies = [
 "linkme",
 "serde",
]

[[package]]
name = "specgate-umbrella-fixture"
version = "0.1.0"
dependencies = [
 "specgate",
]

[[package]]
name = "syn"
version = "2.0.118"
source = "git+https://github.com/dtolnay/syn?tag=2.0.118#f033ef1403b4dbd276d95c26ff05b51d758d7b14"
dependencies = [
 "proc-macro2",
 "quote",
 "unicode-ident",
]

[[package]]
name = "unicode-ident"
version = "1.0.20"
source = "git+https://github.com/dtolnay/unicode-ident?tag=1.0.20#12f0a68b138f1914e9abff76bb1d438b4a953f49"

[[package]]
name = "unsafe-libyaml"
version = "0.2.11"
source = "registry+https://github.com/rust-lang/crates.io-index"
checksum = "673aac59facbab8a9007c7f6108d11f63b603f7cabff99fabf650fea5c32b861"

[[package]]
name = "zmij"
version = "1.0.21"
source = "registry+https://github.com/rust-lang/crates.io-index"
checksum = "b8848ee67ecc8aedbaf3e4122217aff892639231befc6a1b58d29fff4c2cabaa"
