# This file is automatically @generated by Cargo.
# It is not intended for manual editing.
version = 4

[[package]]
name = "proc-macro2"
version = "1.0.106"
source = "git+https://github.com/dtolnay/proc-macro2?tag=1.0.106#58ab776b95a4c2865554badbb6629c50971a9118"
dependencies = [
 "unicode-ident",
]

[[package]]
name = "quote"
version = "1.0.45"
source = "git+https://github.com/dtolnay/quote?tag=1.0.45#842ffde933fdd76cd1681a288bed136d8b95a97a"
dependencies = [
 "proc-macro2",
]

[[package]]
name = "serde"
version = "1.0.228"
source = "git+https://github.com/serde-rs/serde?tag=v1.0.228#a866b336f14aa57a07f0d0be9f8762746e64ecb4"
dependencies = [
 "serde_core",
 "serde_derive",
]

[[package]]
name = "serde_core"
version = "1.0.228"
source = "git+https://github.com/serde-rs/serde?tag=v1.0.228#a866b336f14aa57a07f0d0be9f8762746e64ecb4"
dependencies = [
 "serde_derive",
]

[[package]]
name = "serde_derive"
version = "1.0.228"
source = "git+https://github.com/serde-rs/serde?tag=v1.0.228#a866b336f14aa57a07f0d0be9f8762746e64ecb4"
dependencies = [
 "proc-macro2",
 "quote",
 "syn",
]

[[package]]
name = "specgate-annotations"
version = "0.1.0"
dependencies = [
 "specgate-annotations-macros",
 "specgate-runtime",
]

[[package]]
name = "specgate-annotations-macros"
version = "0.1.0"
dependencies = [
 "proc-macro2",
 "quote",
 "syn",
]

[[package]]
name = "specgate-fixtures"
version = "0.1.0"
dependencies = [
 "specgate-annotations",
]

[[package]]
name = "specgate-runtime"
version = "0.1.0"
dependencies = [
 "serde",
]

[[package]]
name = "syn"
version = "2.0.118"
source = "git+https://github.com/dtolnay/syn?tag=2.0.118#f033ef1403b4dbd276d95c26ff05b51d758d7b14"
dependencies = [
 "proc-macro2",
 "quote",
 "unicode-ident",
]

[[package]]
name = "unicode-ident"
version = "1.0.20"
source = "git+https://github.com/dtolnay/unicode-ident?tag=1.0.20#12f0a68b138f1914e9abff76bb1d438b4a953f49"
