# This file is automatically @generated by Cargo.
# It is not intended for manual editing.
version = 4

[[package]]
name = "equivalent"
version = "1.0.2"
source = "git+https://github.com/indexmap-rs/equivalent?tag=v1.0.2#44cdd44f8b8ebb5f9ae096c7550a5e74ffb7d6ae"

[[package]]
name = "hashbrown"
version = "0.17.1"
source = "git+https://github.com/rust-lang/hashbrown?tag=v0.17.1#c62a63a61b7caf2de8f9ecb7b06a66b0ab6bdf3d"

[[package]]
name = "indexmap"
version = "2.14.0"
source = "git+https://github.com/indexmap-rs/indexmap?tag=2.14.0#bcd165baeb12bdf6e57a31d9869e9839e25679c6"
dependencies = [
 "equivalent",
 "hashbrown",
]

[[package]]
name = "itoa"
version = "1.0.18"
source = "git+https://github.com/dtolnay/itoa?tag=1.0.18#af77385d0daf4d0e949e81f2588be2e44f69f086"

[[package]]
name = "proc-macro2"
version = "1.0.106"
source = "git+https://github.com/dtolnay/proc-macro2?tag=1.0.106#58ab776b95a4c2865554badbb6629c50971a9118"
dependencies = [
 "unicode-ident",
]

[[package]]
name = "quote"
version = "1.0.45"
source = "git+https://github.com/dtolnay/quote?tag=1.0.45#842ffde933fdd76cd1681a288bed136d8b95a97a"
dependencies = [
 "proc-macro2",
]

[[package]]
name = "ryu"
version = "1.0.21"
source = "git+https://github.com/dtolnay/ryu?tag=1.0.21#aaa2f8d0e1f625b9753e6948c60036751965423e"

[[package]]
name = "serde"
version = "1.0.228"
source = "git+https://github.com/serde-rs/serde?tag=v1.0.228#a866b336f14aa57a07f0d0be9f8762746e64ecb4"
dependencies = [
 "serde_core",
 "serde_derive",
]

[[package]]
name = "serde_core"
version = "1.0.228"
source = "git+https://github.com/serde-rs/serde?tag=v1.0.228#a866b336f14aa57a07f0d0be9f8762746e64ecb4"
dependencies = [
 "serde_derive",
]

[[package]]
name = "serde_derive"
version = "1.0.228"
source = "git+https://github.com/serde-rs/serde?tag=v1.0.228#a866b336f14aa57a07f0d0be9f8762746e64ecb4"
dependencies = [
 "proc-macro2",
 "quote",
 "syn",
]

[[package]]
name = "serde_yaml"
version = "0.9.34+deprecated"
source = "git+https://github.com/dtolnay/serde-yaml?tag=0.9.34#2009506d33767dfc88e979d6bc0d53d09f941c94"
dependencies = [
 "indexmap",
 "itoa",
 "ryu",
 "serde",
 "unsafe-libyaml",
]

[[package]]
name = "specgate-annotations"
version = "0.1.0"
dependencies = [
 "proc-macro2",
 "quote",
 "syn",
]

[[package]]
name = "specgate-fixtures"
version = "0.1.0"
dependencies = [
 "specgate-annotations",
]

[[package]]
name = "specgate-harness"
version = "0.1.0"
dependencies = [
 "proc-macro2",
 "serde",
 "serde_yaml",
 "specgate-fixtures",
 "syn",
]

[[package]]
name = "specgate-types"
version = "0.1.0"
dependencies = [
 "serde",
 "serde_yaml",
]

[[package]]
name = "syn"
version = "2.0.118"
source = "git+https://github.com/dtolnay/syn?tag=2.0.118#f033ef1403b4dbd276d95c26ff05b51d758d7b14"
dependencies = [
 "proc-macro2",
 "quote",
 "unicode-ident",
]

[[package]]
name = "unicode-ident"
version = "1.0.20"
source = "git+https://github.com/dtolnay/unicode-ident?tag=1.0.20#12f0a68b138f1914e9abff76bb1d438b4a953f49"

[[package]]
name = "unsafe-libyaml"
version = "0.2.11"
source = "git+https://github.com/dtolnay/unsafe-libyaml?tag=0.2.11#a7b8d1fbd93aefbca3003dcb5fcc6a9c2297e968"

[[patch.unused]]
name = "serde_json"
version = "1.0.145"
source = "git+https://github.com/serde-rs/json?tag=v1.0.145#efa66e3a1d61459ab2d325f92ebe3acbd6ca18b1"
